// !$*UTF8*$!
{
	archiveVersion = 1;
	classes = {
	};
	objectVersion = 46;
	objects = {

/* Begin PBXBuildFile section */
		6F8F4EF473F171ABB03B2928 /* libPods-iMCO_RTSDKDemo.a in Frameworks */ = {isa = PBXBuildFile; fileRef = 2CF808E51BC04FEB93219194 /* libPods-iMCO_RTSDKDemo.a */; settings = {ATTRIBUTES = (Required, ); }; };
		7B08C1E4374BCDD29B1FE2EF /* libPods-iMCO_RTSDKDemoUITests.a in Frameworks */ = {isa = PBXBuildFile; fileRef = 9AACBB922AF9CF2DB3D0574D /* libPods-iMCO_RTSDKDemoUITests.a */; };
		8D5A4F92F7317E601D4C2B1A /* libPods-iMCO_RTSDKDemoTests.a in Frameworks */ = {isa = PBXBuildFile; fileRef = 8C9E9338A7B1DD881EBF8024 /* libPods-iMCO_RTSDKDemoTests.a */; };
		9E1103BC1F0A214D005A084E /* main.m in Sources */ = {isa = PBXBuildFile; fileRef = 9E1103BB1F0A214D005A084E /* main.m */; };
		9E1103BF1F0A214D005A084E /* AppDelegate.m in Sources */ = {isa = PBXBuildFile; fileRef = 9E1103BE1F0A214D005A084E /* AppDelegate.m */; };
		9E1103C51F0A214D005A084E /* Main.storyboard in Resources */ = {isa = PBXBuildFile; fileRef = 9E1103C31F0A214D005A084E /* Main.storyboard */; };
		9E1103C71F0A214D005A084E /* Assets.xcassets in Resources */ = {isa = PBXBuildFile; fileRef = 9E1103C61F0A214D005A084E /* Assets.xcassets */; };
		9E1103CA1F0A214D005A084E /* LaunchScreen.storyboard in Resources */ = {isa = PBXBuildFile; fileRef = 9E1103C81F0A214D005A084E /* LaunchScreen.storyboard */; };
		9E1103D51F0A214D005A084E /* iMCO_RTSDKDemoTests.m in Sources */ = {isa = PBXBuildFile; fileRef = 9E1103D41F0A214D005A084E /* iMCO_RTSDKDemoTests.m */; };
		9E1103E01F0A214D005A084E /* iMCO_RTSDKDemoUITests.m in Sources */ = {isa = PBXBuildFile; fileRef = 9E1103DF1F0A214D005A084E /* iMCO_RTSDKDemoUITests.m */; };
		9E49DD531F56AEFB00A2AF29 /* iMCO_RTSDKM.framework in Frameworks */ = {isa = PBXBuildFile; fileRef = 9E49DD521F56AEFB00A2AF29 /* iMCO_RTSDKM.framework */; };
		9E9611461F31CDBB00BDFE81 /* ZHRealTekSDKAssets.bundle in Resources */ = {isa = PBXBuildFile; fileRef = 9E9611411F31CDBB00BDFE81 /* ZHRealTekSDKAssets.bundle */; };
		9E9611471F31CDBB00BDFE81 /* APP_1.1.0.16146-7a38d5c4ee57b5c010c3ab63fe4cbf13.bin in Resources */ = {isa = PBXBuildFile; fileRef = 9E9611441F31CDBB00BDFE81 /* APP_1.1.0.16146-7a38d5c4ee57b5c010c3ab63fe4cbf13.bin */; };
		9E9611511F31CDDA00BDFE81 /* ZHChooseFirmwareTableViewController.m in Sources */ = {isa = PBXBuildFile; fileRef = 9E96114A1F31CDDA00BDFE81 /* ZHChooseFirmwareTableViewController.m */; };
		9E9611521F31CDDA00BDFE81 /* ZHChooseFirmwareTableViewController.xib in Resources */ = {isa = PBXBuildFile; fileRef = 9E96114B1F31CDDA00BDFE81 /* ZHChooseFirmwareTableViewController.xib */; };
		9E9611531F31CDDA00BDFE81 /* ZHDeviceActionViewController.m in Sources */ = {isa = PBXBuildFile; fileRef = 9E96114D1F31CDDA00BDFE81 /* ZHDeviceActionViewController.m */; };
		9E9611541F31CDDA00BDFE81 /* ZHDeviceActionViewController.xib in Resources */ = {isa = PBXBuildFile; fileRef = 9E96114E1F31CDDA00BDFE81 /* ZHDeviceActionViewController.xib */; };
		9E9611551F31CDDA00BDFE81 /* ZHDeviceListTableViewController.m in Sources */ = {isa = PBXBuildFile; fileRef = 9E9611501F31CDDA00BDFE81 /* ZHDeviceListTableViewController.m */; };
		9E96115F1F31CE0600BDFE81 /* ZHCommandTableViewCell.m in Sources */ = {isa = PBXBuildFile; fileRef = 9E9611581F31CE0600BDFE81 /* ZHCommandTableViewCell.m */; };
		9E9611601F31CE0600BDFE81 /* ZHCommandTableViewCell.xib in Resources */ = {isa = PBXBuildFile; fileRef = 9E9611591F31CE0600BDFE81 /* ZHCommandTableViewCell.xib */; };
		9E9611611F31CE0600BDFE81 /* ZHDeviceTableViewCell.m in Sources */ = {isa = PBXBuildFile; fileRef = 9E96115B1F31CE0600BDFE81 /* ZHDeviceTableViewCell.m */; };
		9E9611621F31CE0600BDFE81 /* ZHTitleAndSwitchTableViewCell.m in Sources */ = {isa = PBXBuildFile; fileRef = 9E96115D1F31CE0600BDFE81 /* ZHTitleAndSwitchTableViewCell.m */; };
		9E9611631F31CE0600BDFE81 /* ZHTitleAndSwitchTableViewCell.xib in Resources */ = {isa = PBXBuildFile; fileRef = 9E96115E1F31CE0600BDFE81 /* ZHTitleAndSwitchTableViewCell.xib */; };
		9E9611691F31CE3600BDFE81 /* ZHDeviceModel.m in Sources */ = {isa = PBXBuildFile; fileRef = 9E9611661F31CE3600BDFE81 /* ZHDeviceModel.m */; };
		9E96116A1F31CE3600BDFE81 /* ZHFunctionModel.m in Sources */ = {isa = PBXBuildFile; fileRef = 9E9611681F31CE3600BDFE81 /* ZHFunctionModel.m */; };
/* End PBXBuildFile section */

/* Begin PBXContainerItemProxy section */
		9E1103D11F0A214D005A084E /* PBXContainerItemProxy */ = {
			isa = PBXContainerItemProxy;
			containerPortal = 9E1103AF1F0A214D005A084E /* Project object */;
			proxyType = 1;
			remoteGlobalIDString = 9E1103B61F0A214D005A084E;
			remoteInfo = iMCO_RTSDKDemo;
		};
		9E1103DC1F0A214D005A084E /* PBXContainerItemProxy */ = {
			isa = PBXContainerItemProxy;
			containerPortal = 9E1103AF1F0A214D005A084E /* Project object */;
			proxyType = 1;
			remoteGlobalIDString = 9E1103B61F0A214D005A084E;
			remoteInfo = iMCO_RTSDKDemo;
		};
/* End PBXContainerItemProxy section */

/* Begin PBXCopyFilesBuildPhase section */
		9E1104561F0A36BB005A084E /* Embed Frameworks */ = {
			isa = PBXCopyFilesBuildPhase;
			buildActionMask = 2147483647;
			dstPath = "";
			dstSubfolderSpec = 10;
			files = (
			);
			name = "Embed Frameworks";
			runOnlyForDeploymentPostprocessing = 0;
		};
/* End PBXCopyFilesBuildPhase section */

/* Begin PBXFileReference section */
		2CF808E51BC04FEB93219194 /* libPods-iMCO_RTSDKDemo.a */ = {isa = PBXFileReference; explicitFileType = archive.ar; includeInIndex = 0; path = "libPods-iMCO_RTSDKDemo.a"; sourceTree = BUILT_PRODUCTS_DIR; };
		44478CF842E7465599CF780A /* Pods-iMCO_RTSDKDemoUITests.release.xcconfig */ = {isa = PBXFileReference; includeInIndex = 1; lastKnownFileType = text.xcconfig; name = "Pods-iMCO_RTSDKDemoUITests.release.xcconfig"; path = "Pods/Target Support Files/Pods-iMCO_RTSDKDemoUITests/Pods-iMCO_RTSDKDemoUITests.release.xcconfig"; sourceTree = "<group>"; };
		4627C95E3B0D680CC52AE2E5 /* Pods-iMCO_RTSDKDemoTests.release.xcconfig */ = {isa = PBXFileReference; includeInIndex = 1; lastKnownFileType = text.xcconfig; name = "Pods-iMCO_RTSDKDemoTests.release.xcconfig"; path = "Pods/Target Support Files/Pods-iMCO_RTSDKDemoTests/Pods-iMCO_RTSDKDemoTests.release.xcconfig"; sourceTree = "<group>"; };
		75CA845AF539CDF8C5F014F4 /* Pods-iMCO_RTSDKDemoTests.debug.xcconfig */ = {isa = PBXFileReference; includeInIndex = 1; lastKnownFileType = text.xcconfig; name = "Pods-iMCO_RTSDKDemoTests.debug.xcconfig"; path = "Pods/Target Support Files/Pods-iMCO_RTSDKDemoTests/Pods-iMCO_RTSDKDemoTests.debug.xcconfig"; sourceTree = "<group>"; };
		77282100FFF836831A636863 /* Pods-iMCO_RTSDKDemo.release.xcconfig */ = {isa = PBXFileReference; includeInIndex = 1; lastKnownFileType = text.xcconfig; name = "Pods-iMCO_RTSDKDemo.release.xcconfig"; path = "Pods/Target Support Files/Pods-iMCO_RTSDKDemo/Pods-iMCO_RTSDKDemo.release.xcconfig"; sourceTree = "<group>"; };
		8C9E9338A7B1DD881EBF8024 /* libPods-iMCO_RTSDKDemoTests.a */ = {isa = PBXFileReference; explicitFileType = archive.ar; includeInIndex = 0; path = "libPods-iMCO_RTSDKDemoTests.a"; sourceTree = BUILT_PRODUCTS_DIR; };
		9AACBB922AF9CF2DB3D0574D /* libPods-iMCO_RTSDKDemoUITests.a */ = {isa = PBXFileReference; explicitFileType = archive.ar; includeInIndex = 0; path = "libPods-iMCO_RTSDKDemoUITests.a"; sourceTree = BUILT_PRODUCTS_DIR; };
		9E1103B71F0A214D005A084E /* iMCO_RTSDKDemo.app */ = {isa = PBXFileReference; explicitFileType = wrapper.application; includeInIndex = 0; path = iMCO_RTSDKDemo.app; sourceTree = BUILT_PRODUCTS_DIR; };
		9E1103BB1F0A214D005A084E /* main.m */ = {isa = PBXFileReference; lastKnownFileType = sourcecode.c.objc; path = main.m; sourceTree = "<group>"; };
		9E1103BD1F0A214D005A084E /* AppDelegate.h */ = {isa = PBXFileReference; lastKnownFileType = sourcecode.c.h; path = AppDelegate.h; sourceTree = "<group>"; };
		9E1103BE1F0A214D005A084E /* AppDelegate.m */ = {isa = PBXFileReference; lastKnownFileType = sourcecode.c.objc; path = AppDelegate.m; sourceTree = "<group>"; };
		9E1103C41F0A214D005A084E /* Base */ = {isa = PBXFileReference; lastKnownFileType = file.storyboard; name = Base; path = Base.lproj/Main.storyboard; sourceTree = "<group>"; };
		9E1103C61F0A214D005A084E /* Assets.xcassets */ = {isa = PBXFileReference; lastKnownFileType = folder.assetcatalog; path = Assets.xcassets; sourceTree = "<group>"; };
		9E1103C91F0A214D005A084E /* Base */ = {isa = PBXFileReference; lastKnownFileType = file.storyboard; name = Base; path = Base.lproj/LaunchScreen.storyboard; sourceTree = "<group>"; };
		9E1103CB1F0A214D005A084E /* Info.plist */ = {isa = PBXFileReference; lastKnownFileType = text.plist.xml; path = Info.plist; sourceTree = "<group>"; };
		9E1103D01F0A214D005A084E /* iMCO_RTSDKDemoTests.xctest */ = {isa = PBXFileReference; explicitFileType = wrapper.cfbundle; includeInIndex = 0; path = iMCO_RTSDKDemoTests.xctest; sourceTree = BUILT_PRODUCTS_DIR; };
		9E1103D41F0A214D005A084E /* iMCO_RTSDKDemoTests.m */ = {isa = PBXFileReference; lastKnownFileType = sourcecode.c.objc; path = iMCO_RTSDKDemoTests.m; sourceTree = "<group>"; };
		9E1103D61F0A214D005A084E /* Info.plist */ = {isa = PBXFileReference; lastKnownFileType = text.plist.xml; path = Info.plist; sourceTree = "<group>"; };
		9E1103DB1F0A214D005A084E /* iMCO_RTSDKDemoUITests.xctest */ = {isa = PBXFileReference; explicitFileType = wrapper.cfbundle; includeInIndex = 0; path = iMCO_RTSDKDemoUITests.xctest; sourceTree = BUILT_PRODUCTS_DIR; };
		9E1103DF1F0A214D005A084E /* iMCO_RTSDKDemoUITests.m */ = {isa = PBXFileReference; lastKnownFileType = sourcecode.c.objc; path = iMCO_RTSDKDemoUITests.m; sourceTree = "<group>"; };
		9E1103E11F0A214D005A084E /* Info.plist */ = {isa = PBXFileReference; lastKnownFileType = text.plist.xml; path = Info.plist; sourceTree = "<group>"; };
		9E1104521F0A35B9005A084E /* CoreBluetooth.framework */ = {isa = PBXFileReference; lastKnownFileType = wrapper.framework; name = CoreBluetooth.framework; path = System/Library/Frameworks/CoreBluetooth.framework; sourceTree = SDKROOT; };
		9E49DD521F56AEFB00A2AF29 /* iMCO_RTSDKM.framework */ = {isa = PBXFileReference; lastKnownFileType = wrapper.framework; path = iMCO_RTSDKM.framework; sourceTree = "<group>"; };
		9E9611411F31CDBB00BDFE81 /* ZHRealTekSDKAssets.bundle */ = {isa = PBXFileReference; lastKnownFileType = "wrapper.plug-in"; path = ZHRealTekSDKAssets.bundle; sourceTree = "<group>"; };
		9E9611441F31CDBB00BDFE81 /* APP_1.1.0.16146-7a38d5c4ee57b5c010c3ab63fe4cbf13.bin */ = {isa = PBXFileReference; lastKnownFileType = archive.macbinary; path = "APP_1.1.0.16146-7a38d5c4ee57b5c010c3ab63fe4cbf13.bin"; sourceTree = "<group>"; };
		9E9611491F31CDDA00BDFE81 /* ZHChooseFirmwareTableViewController.h */ = {isa = PBXFileReference; fileEncoding = 4; lastKnownFileType = sourcecode.c.h; path = ZHChooseFirmwareTableViewController.h; sourceTree = "<group>"; };
		9E96114A1F31CDDA00BDFE81 /* ZHChooseFirmwareTableViewController.m */ = {isa = PBXFileReference; fileEncoding = 4; lastKnownFileType = sourcecode.c.objc; path = ZHChooseFirmwareTableViewController.m; sourceTree = "<group>"; };
		9E96114B1F31CDDA00BDFE81 /* ZHChooseFirmwareTableViewController.xib */ = {isa = PBXFileReference; fileEncoding = 4; lastKnownFileType = file.xib; path = ZHChooseFirmwareTableViewController.xib; sourceTree = "<group>"; };
		9E96114C1F31CDDA00BDFE81 /* ZHDeviceActionViewController.h */ = {isa = PBXFileReference; fileEncoding = 4; lastKnownFileType = sourcecode.c.h; path = ZHDeviceActionViewController.h; sourceTree = "<group>"; };
		9E96114D1F31CDDA00BDFE81 /* ZHDeviceActionViewController.m */ = {isa = PBXFileReference; fileEncoding = 4; lastKnownFileType = sourcecode.c.objc; path = ZHDeviceActionViewController.m; sourceTree = "<group>"; };
		9E96114E1F31CDDA00BDFE81 /* ZHDeviceActionViewController.xib */ = {isa = PBXFileReference; fileEncoding = 4; lastKnownFileType = file.xib; path = ZHDeviceActionViewController.xib; sourceTree = "<group>"; };
		9E96114F1F31CDDA00BDFE81 /* ZHDeviceListTableViewController.h */ = {isa = PBXFileReference; fileEncoding = 4; lastKnownFileType = sourcecode.c.h; path = ZHDeviceListTableViewController.h; sourceTree = "<group>"; };
		9E9611501F31CDDA00BDFE81 /* ZHDeviceListTableViewController.m */ = {isa = PBXFileReference; fileEncoding = 4; lastKnownFileType = sourcecode.c.objc; path = ZHDeviceListTableViewController.m; sourceTree = "<group>"; };
		9E9611571F31CE0600BDFE81 /* ZHCommandTableViewCell.h */ = {isa = PBXFileReference; fileEncoding = 4; lastKnownFileType = sourcecode.c.h; path = ZHCommandTableViewCell.h; sourceTree = "<group>"; };
		9E9611581F31CE0600BDFE81 /* ZHCommandTableViewCell.m */ = {isa = PBXFileReference; fileEncoding = 4; lastKnownFileType = sourcecode.c.objc; path = ZHCommandTableViewCell.m; sourceTree = "<group>"; };
		9E9611591F31CE0600BDFE81 /* ZHCommandTableViewCell.xib */ = {isa = PBXFileReference; fileEncoding = 4; lastKnownFileType = file.xib; path = ZHCommandTableViewCell.xib; sourceTree = "<group>"; };
		9E96115A1F31CE0600BDFE81 /* ZHDeviceTableViewCell.h */ = {isa = PBXFileReference; fileEncoding = 4; lastKnownFileType = sourcecode.c.h; path = ZHDeviceTableViewCell.h; sourceTree = "<group>"; };
		9E96115B1F31CE0600BDFE81 /* ZHDeviceTableViewCell.m */ = {isa = PBXFileReference; fileEncoding = 4; lastKnownFileType = sourcecode.c.objc; path = ZHDeviceTableViewCell.m; sourceTree = "<group>"; };
		9E96115C1F31CE0600BDFE81 /* ZHTitleAndSwitchTableViewCell.h */ = {isa = PBXFileReference; fileEncoding = 4; lastKnownFileType = sourcecode.c.h; path = ZHTitleAndSwitchTableViewCell.h; sourceTree = "<group>"; };
		9E96115D1F31CE0600BDFE81 /* ZHTitleAndSwitchTableViewCell.m */ = {isa = PBXFileReference; fileEncoding = 4; lastKnownFileType = sourcecode.c.objc; path = ZHTitleAndSwitchTableViewCell.m; sourceTree = "<group>"; };
		9E96115E1F31CE0600BDFE81 /* ZHTitleAndSwitchTableViewCell.xib */ = {isa = PBXFileReference; fileEncoding = 4; lastKnownFileType = file.xib; path = ZHTitleAndSwitchTableViewCell.xib; sourceTree = "<group>"; };
		9E9611651F31CE3600BDFE81 /* ZHDeviceModel.h */ = {isa = PBXFileReference; fileEncoding = 4; lastKnownFileType = sourcecode.c.h; path = ZHDeviceModel.h; sourceTree = "<group>"; };
		9E9611661F31CE3600BDFE81 /* ZHDeviceModel.m */ = {isa = PBXFileReference; fileEncoding = 4; lastKnownFileType = sourcecode.c.objc; path = ZHDeviceModel.m; sourceTree = "<group>"; };
		9E9611671F31CE3600BDFE81 /* ZHFunctionModel.h */ = {isa = PBXFileReference; fileEncoding = 4; lastKnownFileType = sourcecode.c.h; path = ZHFunctionModel.h; sourceTree = "<group>"; };
		9E9611681F31CE3600BDFE81 /* ZHFunctionModel.m */ = {isa = PBXFileReference; fileEncoding = 4; lastKnownFileType = sourcecode.c.objc; path = ZHFunctionModel.m; sourceTree = "<group>"; };
		B1DC1052B780E5BE6DE1494F /* Pods-iMCO_RTSDKDemo.debug.xcconfig */ = {isa = PBXFileReference; includeInIndex = 1; lastKnownFileType = text.xcconfig; name = "Pods-iMCO_RTSDKDemo.debug.xcconfig"; path = "Pods/Target Support Files/Pods-iMCO_RTSDKDemo/Pods-iMCO_RTSDKDemo.debug.xcconfig"; sourceTree = "<group>"; };
		E896C89505642E512058147B /* Pods-iMCO_RTSDKDemoUITests.debug.xcconfig */ = {isa = PBXFileReference; includeInIndex = 1; lastKnownFileType = text.xcconfig; name = "Pods-iMCO_RTSDKDemoUITests.debug.xcconfig"; path = "Pods/Target Support Files/Pods-iMCO_RTSDKDemoUITests/Pods-iMCO_RTSDKDemoUITests.debug.xcconfig"; sourceTree = "<group>"; };
/* End PBXFileReference section */

/* Begin PBXFrameworksBuildPhase section */
		9E1103B41F0A214D005A084E /* Frameworks */ = {
			isa = PBXFrameworksBuildPhase;
			buildActionMask = 2147483647;
			files = (
				6F8F4EF473F171ABB03B2928 /* libPods-iMCO_RTSDKDemo.a in Frameworks */,
				9E49DD531F56AEFB00A2AF29 /* iMCO_RTSDKM.framework in Frameworks */,
			);
			runOnlyForDeploymentPostprocessing = 0;
		};
		9E1103CD1F0A214D005A084E /* Frameworks */ = {
			isa = PBXFrameworksBuildPhase;
			buildActionMask = 2147483647;
			files = (
				8D5A4F92F7317E601D4C2B1A /* libPods-iMCO_RTSDKDemoTests.a in Frameworks */,
			);
			runOnlyForDeploymentPostprocessing = 0;
		};
		9E1103D81F0A214D005A084E /* Frameworks */ = {
			isa = PBXFrameworksBuildPhase;
			buildActionMask = 2147483647;
			files = (
				7B08C1E4374BCDD29B1FE2EF /* libPods-iMCO_RTSDKDemoUITests.a in Frameworks */,
			);
			runOnlyForDeploymentPostprocessing = 0;
		};
/* End PBXFrameworksBuildPhase section */

/* Begin PBXGroup section */
		7499D799D7CA3537D62AE8BA /* Pods */ = {
			isa = PBXGroup;
			children = (
				B1DC1052B780E5BE6DE1494F /* Pods-iMCO_RTSDKDemo.debug.xcconfig */,
				77282100FFF836831A636863 /* Pods-iMCO_RTSDKDemo.release.xcconfig */,
				75CA845AF539CDF8C5F014F4 /* Pods-iMCO_RTSDKDemoTests.debug.xcconfig */,
				4627C95E3B0D680CC52AE2E5 /* Pods-iMCO_RTSDKDemoTests.release.xcconfig */,
				E896C89505642E512058147B /* Pods-iMCO_RTSDKDemoUITests.debug.xcconfig */,
				44478CF842E7465599CF780A /* Pods-iMCO_RTSDKDemoUITests.release.xcconfig */,
			);
			name = Pods;
			sourceTree = "<group>";
		};
		9E1103AE1F0A214D005A084E = {
			isa = PBXGroup;
			children = (
				9E9611641F31CE3600BDFE81 /* Models */,
				9E9611561F31CE0600BDFE81 /* Views */,
				9E9611481F31CDDA00BDFE81 /* Controllers */,
				9E96113F1F31CDBB00BDFE81 /* Resouces */,
				9E1104091F0A22CF005A084E /* iMCOSDK */,
				9E1103B91F0A214D005A084E /* iMCO_RTSDKDemo */,
				9E1103D31F0A214D005A084E /* iMCO_RTSDKDemoTests */,
				9E1103DE1F0A214D005A084E /* iMCO_RTSDKDemoUITests */,
				9E1103B81F0A214D005A084E /* Products */,
				7499D799D7CA3537D62AE8BA /* Pods */,
				DB15EE50AADC4E3C364A4E7C /* Frameworks */,
			);
			sourceTree = "<group>";
		};
		9E1103B81F0A214D005A084E /* Products */ = {
			isa = PBXGroup;
			children = (
				9E1103B71F0A214D005A084E /* iMCO_RTSDKDemo.app */,
				9E1103D01F0A214D005A084E /* iMCO_RTSDKDemoTests.xctest */,
				9E1103DB1F0A214D005A084E /* iMCO_RTSDKDemoUITests.xctest */,
			);
			name = Products;
			sourceTree = "<group>";
		};
		9E1103B91F0A214D005A084E /* iMCO_RTSDKDemo */ = {
			isa = PBXGroup;
			children = (
				9E1103BD1F0A214D005A084E /* AppDelegate.h */,
				9E1103BE1F0A214D005A084E /* AppDelegate.m */,
				9E1103C31F0A214D005A084E /* Main.storyboard */,
				9E1103C61F0A214D005A084E /* Assets.xcassets */,
				9E1103C81F0A214D005A084E /* LaunchScreen.storyboard */,
				9E1103CB1F0A214D005A084E /* Info.plist */,
				9E1103BA1F0A214D005A084E /* Supporting Files */,
			);
			path = iMCO_RTSDKDemo;
			sourceTree = "<group>";
		};
		9E1103BA1F0A214D005A084E /* Supporting Files */ = {
			isa = PBXGroup;
			children = (
				9E1103BB1F0A214D005A084E /* main.m */,
			);
			name = "Supporting Files";
			sourceTree = "<group>";
		};
		9E1103D31F0A214D005A084E /* iMCO_RTSDKDemoTests */ = {
			isa = PBXGroup;
			children = (
				9E1103D41F0A214D005A084E /* iMCO_RTSDKDemoTests.m */,
				9E1103D61F0A214D005A084E /* Info.plist */,
			);
			path = iMCO_RTSDKDemoTests;
			sourceTree = "<group>";
		};
		9E1103DE1F0A214D005A084E /* iMCO_RTSDKDemoUITests */ = {
			isa = PBXGroup;
			children = (
				9E1103DF1F0A214D005A084E /* iMCO_RTSDKDemoUITests.m */,
				9E1103E11F0A214D005A084E /* Info.plist */,
			);
			path = iMCO_RTSDKDemoUITests;
			sourceTree = "<group>";
		};
		9E1104091F0A22CF005A084E /* iMCOSDK */ = {
			isa = PBXGroup;
			children = (
				9E49DD521F56AEFB00A2AF29 /* iMCO_RTSDKM.framework */,
			);
			path = iMCOSDK;
			sourceTree = "<group>";
		};
		9E96113F1F31CDBB00BDFE81 /* Resouces */ = {
			isa = PBXGroup;
			children = (
				9E9611401F31CDBB00BDFE81 /* Assets */,
				9E9611421F31CDBB00BDFE81 /* OTA */,
			);
			path = Resouces;
			sourceTree = "<group>";
		};
		9E9611401F31CDBB00BDFE81 /* Assets */ = {
			isa = PBXGroup;
			children = (
				9E9611411F31CDBB00BDFE81 /* ZHRealTekSDKAssets.bundle */,
			);
			path = Assets;
			sourceTree = "<group>";
		};
		9E9611421F31CDBB00BDFE81 /* OTA */ = {
			isa = PBXGroup;
			children = (
				9E9611431F31CDBB00BDFE81 /* Application */,
				9E9611451F31CDBB00BDFE81 /* Patch */,
			);
			path = OTA;
			sourceTree = "<group>";
		};
		9E9611431F31CDBB00BDFE81 /* Application */ = {
			isa = PBXGroup;
			children = (
				9E9611441F31CDBB00BDFE81 /* APP_1.1.0.16146-7a38d5c4ee57b5c010c3ab63fe4cbf13.bin */,
			);
			path = Application;
			sourceTree = "<group>";
		};
		9E9611451F31CDBB00BDFE81 /* Patch */ = {
			isa = PBXGroup;
			children = (
			);
			path = Patch;
			sourceTree = "<group>";
		};
		9E9611481F31CDDA00BDFE81 /* Controllers */ = {
			isa = PBXGroup;
			children = (
				9E9611491F31CDDA00BDFE81 /* ZHChooseFirmwareTableViewController.h */,
				9E96114A1F31CDDA00BDFE81 /* ZHChooseFirmwareTableViewController.m */,
				9E96114B1F31CDDA00BDFE81 /* ZHChooseFirmwareTableViewController.xib */,
				9E96114C1F31CDDA00BDFE81 /* ZHDeviceActionViewController.h */,
				9E96114D1F31CDDA00BDFE81 /* ZHDeviceActionViewController.m */,
				9E96114E1F31CDDA00BDFE81 /* ZHDeviceActionViewController.xib */,
				9E96114F1F31CDDA00BDFE81 /* ZHDeviceListTableViewController.h */,
				9E9611501F31CDDA00BDFE81 /* ZHDeviceListTableViewController.m */,
			);
			path = Controllers;
			sourceTree = "<group>";
		};
		9E9611561F31CE0600BDFE81 /* Views */ = {
			isa = PBXGroup;
			children = (
				9E9611571F31CE0600BDFE81 /* ZHCommandTableViewCell.h */,
				9E9611581F31CE0600BDFE81 /* ZHCommandTableViewCell.m */,
				9E9611591F31CE0600BDFE81 /* ZHCommandTableViewCell.xib */,
				9E96115A1F31CE0600BDFE81 /* ZHDeviceTableViewCell.h */,
				9E96115B1F31CE0600BDFE81 /* ZHDeviceTableViewCell.m */,
				9E96115C1F31CE0600BDFE81 /* ZHTitleAndSwitchTableViewCell.h */,
				9E96115D1F31CE0600BDFE81 /* ZHTitleAndSwitchTableViewCell.m */,
				9E96115E1F31CE0600BDFE81 /* ZHTitleAndSwitchTableViewCell.xib */,
			);
			path = Views;
			sourceTree = "<group>";
		};
		9E9611641F31CE3600BDFE81 /* Models */ = {
			isa = PBXGroup;
			children = (
				9E9611651F31CE3600BDFE81 /* ZHDeviceModel.h */,
				9E9611661F31CE3600BDFE81 /* ZHDeviceModel.m */,
				9E9611671F31CE3600BDFE81 /* ZHFunctionModel.h */,
				9E9611681F31CE3600BDFE81 /* ZHFunctionModel.m */,
			);
			path = Models;
			sourceTree = "<group>";
		};
		DB15EE50AADC4E3C364A4E7C /* Frameworks */ = {
			isa = PBXGroup;
			children = (
				9E1104521F0A35B9005A084E /* CoreBluetooth.framework */,
				2CF808E51BC04FEB93219194 /* libPods-iMCO_RTSDKDemo.a */,
				8C9E9338A7B1DD881EBF8024 /* libPods-iMCO_RTSDKDemoTests.a */,
				9AACBB922AF9CF2DB3D0574D /* libPods-iMCO_RTSDKDemoUITests.a */,
			);
			name = Frameworks;
			sourceTree = "<group>";
		};
/* End PBXGroup section */

/* Begin PBXNativeTarget section */
		9E1103B61F0A214D005A084E /* iMCO_RTSDKDemo */ = {
			isa = PBXNativeTarget;
			buildConfigurationList = 9E1103E41F0A214D005A084E /* Build configuration list for PBXNativeTarget "iMCO_RTSDKDemo" */;
			buildPhases = (
				3897708D90ABBFA3DF511F13 /* [CP] Check Pods Manifest.lock */,
				9E1103B31F0A214D005A084E /* Sources */,
				9E1103B41F0A214D005A084E /* Frameworks */,
				9E1103B51F0A214D005A084E /* Resources */,
				F0FD65CF15360935655E2AB2 /* [CP] Embed Pods Frameworks */,
				7221A6E4A057A6956A43E2B8 /* [CP] Copy Pods Resources */,
				9E1104561F0A36BB005A084E /* Embed Frameworks */,
			);
			buildRules = (
			);
			dependencies = (
			);
			name = iMCO_RTSDKDemo;
			productName = iMCO_RTSDKDemo;
			productReference = 9E1103B71F0A214D005A084E /* iMCO_RTSDKDemo.app */;
			productType = "com.apple.product-type.application";
		};
		9E1103CF1F0A214D005A084E /* iMCO_RTSDKDemoTests */ = {
			isa = PBXNativeTarget;
			buildConfigurationList = 9E1103E71F0A214D005A084E /* Build configuration list for PBXNativeTarget "iMCO_RTSDKDemoTests" */;
			buildPhases = (
				91C2B3AEB84BFD17AA63966A /* [CP] Check Pods Manifest.lock */,
				9E1103CC1F0A214D005A084E /* Sources */,
				9E1103CD1F0A214D005A084E /* Frameworks */,
				9E1103CE1F0A214D005A084E /* Resources */,
				2B61880ED461FF50216F8FFF /* [CP] Embed Pods Frameworks */,
				E5EB0899081F1D5CA3AFB40D /* [CP] Copy Pods Resources */,
			);
			buildRules = (
			);
			dependencies = (
				9E1103D21F0A214D005A084E /* PBXTargetDependency */,
			);
			name = iMCO_RTSDKDemoTests;
			productName = iMCO_RTSDKDemoTests;
			productReference = 9E1103D01F0A214D005A084E /* iMCO_RTSDKDemoTests.xctest */;
			productType = "com.apple.product-type.bundle.unit-test";
		};
		9E1103DA1F0A214D005A084E /* iMCO_RTSDKDemoUITests */ = {
			isa = PBXNativeTarget;
			buildConfigurationList = 9E1103EA1F0A214D005A084E /* Build configuration list for PBXNativeTarget "iMCO_RTSDKDemoUITests" */;
			buildPhases = (
				F99D7067FAB4C9FEC276C2A2 /* [CP] Check Pods Manifest.lock */,
				9E1103D71F0A214D005A084E /* Sources */,
				9E1103D81F0A214D005A084E /* Frameworks */,
				9E1103D91F0A214D005A084E /* Resources */,
				E440F4CDB3901E7BA5C95A39 /* [CP] Embed Pods Frameworks */,
				2A3FAD5293763EB2AD102A7B /* [CP] Copy Pods Resources */,
			);
			buildRules = (
			);
			dependencies = (
				9E1103DD1F0A214D005A084E /* PBXTargetDependency */,
			);
			name = iMCO_RTSDKDemoUITests;
			productName = iMCO_RTSDKDemoUITests;
			productReference = 9E1103DB1F0A214D005A084E /* iMCO_RTSDKDemoUITests.xctest */;
			productType = "com.apple.product-type.bundle.ui-testing";
		};
/* End PBXNativeTarget section */

/* Begin PBXProject section */
		9E1103AF1F0A214D005A084E /* Project object */ = {
			isa = PBXProject;
			attributes = {
				LastUpgradeCheck = 0830;
				ORGANIZATIONNAME = zhuo;
				TargetAttributes = {
					9E1103B61F0A214D005A084E = {
						CreatedOnToolsVersion = 8.3.3;
						DevelopmentTeam = 638EB3H4SQ;
						ProvisioningStyle = Automatic;
					};
					9E1103CF1F0A214D005A084E = {
						CreatedOnToolsVersion = 8.3.3;
						DevelopmentTeam = 638EB3H4SQ;
						ProvisioningStyle = Automatic;
						TestTargetID = 9E1103B61F0A214D005A084E;
					};
					9E1103DA1F0A214D005A084E = {
						CreatedOnToolsVersion = 8.3.3;
						DevelopmentTeam = 638EB3H4SQ;
						ProvisioningStyle = Automatic;
						TestTargetID = 9E1103B61F0A214D005A084E;
					};
				};
			};
			buildConfigurationList = 9E1103B21F0A214D005A084E /* Build configuration list for PBXProject "iMCO_RTSDKDemo" */;
			compatibilityVersion = "Xcode 3.2";
			developmentRegion = English;
			hasScannedForEncodings = 0;
			knownRegions = (
				en,
				Base,
			);
			mainGroup = 9E1103AE1F0A214D005A084E;
			productRefGroup = 9E1103B81F0A214D005A084E /* Products */;
			projectDirPath = "";
			projectRoot = "";
			targets = (
				9E1103B61F0A214D005A084E /* iMCO_RTSDKDemo */,
				9E1103CF1F0A214D005A084E /* iMCO_RTSDKDemoTests */,
				9E1103DA1F0A214D005A084E /* iMCO_RTSDKDemoUITests */,
			);
		};
/* End PBXProject section */

/* Begin PBXResourcesBuildPhase section */
		9E1103B51F0A214D005A084E /* Resources */ = {
			isa = PBXResourcesBuildPhase;
			buildActionMask = 2147483647;
			files = (
				9E9611541F31CDDA00BDFE81 /* ZHDeviceActionViewController.xib in Resources */,
				9E1103CA1F0A214D005A084E /* LaunchScreen.storyboard in Resources */,
				9E9611631F31CE0600BDFE81 /* ZHTitleAndSwitchTableViewCell.xib in Resources */,
				9E9611461F31CDBB00BDFE81 /* ZHRealTekSDKAssets.bundle in Resources */,
				9E1103C71F0A214D005A084E /* Assets.xcassets in Resources */,
				9E9611471F31CDBB00BDFE81 /* APP_1.1.0.16146-7a38d5c4ee57b5c010c3ab63fe4cbf13.bin in Resources */,
				9E9611521F31CDDA00BDFE81 /* ZHChooseFirmwareTableViewController.xib in Resources */,
				9E1103C51F0A214D005A084E /* Main.storyboard in Resources */,
				9E9611601F31CE0600BDFE81 /* ZHCommandTableViewCell.xib in Resources */,
			);
			runOnlyForDeploymentPostprocessing = 0;
		};
		9E1103CE1F0A214D005A084E /* Resources */ = {
			isa = PBXResourcesBuildPhase;
			buildActionMask = 2147483647;
			files = (
			);
			runOnlyForDeploymentPostprocessing = 0;
		};
		9E1103D91F0A214D005A084E /* Resources */ = {
			isa = PBXResourcesBuildPhase;
			buildActionMask = 2147483647;
			files = (
			);
			runOnlyForDeploymentPostprocessing = 0;
		};
/* End PBXResourcesBuildPhase section */

/* Begin PBXShellScriptBuildPhase section */
		2A3FAD5293763EB2AD102A7B /* [CP] Copy Pods Resources */ = {
			isa = PBXShellScriptBuildPhase;
			buildActionMask = 2147483647;
			files = (
			);
			inputPaths = (
			);
			name = "[CP] Copy Pods Resources";
			outputPaths = (
			);
			runOnlyForDeploymentPostprocessing = 0;
			shellPath = /bin/sh;
			shellScript = "\"${SRCROOT}/Pods/Target Support Files/Pods-iMCO_RTSDKDemoUITests/Pods-iMCO_RTSDKDemoUITests-resources.sh\"\n";
			showEnvVarsInLog = 0;
		};
		2B61880ED461FF50216F8FFF /* [CP] Embed Pods Frameworks */ = {
			isa = PBXShellScriptBuildPhase;
			buildActionMask = 2147483647;
			files = (
			);
			inputPaths = (
			);
			name = "[CP] Embed Pods Frameworks";
			outputPaths = (
			);
			runOnlyForDeploymentPostprocessing = 0;
			shellPath = /bin/sh;
			shellScript = "\"${SRCROOT}/Pods/Target Support Files/Pods-iMCO_RTSDKDemoTests/Pods-iMCO_RTSDKDemoTests-frameworks.sh\"\n";
			showEnvVarsInLog = 0;
		};
		3897708D90ABBFA3DF511F13 /* [CP] Check Pods Manifest.lock */ = {
			isa = PBXShellScriptBuildPhase;
			buildActionMask = 2147483647;
			files = (
			);
			inputPaths = (
			);
			name = "[CP] Check Pods Manifest.lock";
			outputPaths = (
			);
			runOnlyForDeploymentPostprocessing = 0;
			shellPath = /bin/sh;
			shellScript = "diff \"${PODS_PODFILE_DIR_PATH}/Podfile.lock\" \"${PODS_ROOT}/Manifest.lock\" > /dev/null\nif [ $? != 0 ] ; then\n    # print error to STDERR\n    echo \"error: The sandbox is not in sync with the Podfile.lock. Run 'pod install' or update your CocoaPods installation.\" >&2\n    exit 1\nfi\n";
			showEnvVarsInLog = 0;
		};
		7221A6E4A057A6956A43E2B8 /* [CP] Copy Pods Resources */ = {
			isa = PBXShellScriptBuildPhase;
			buildActionMask = 2147483647;
			files = (
			);
			inputPaths = (
			);
			name = "[CP] Copy Pods Resources";
			outputPaths = (
			);
			runOnlyForDeploymentPostprocessing = 0;
			shellPath = /bin/sh;
			shellScript = "\"${SRCROOT}/Pods/Target Support Files/Pods-iMCO_RTSDKDemo/Pods-iMCO_RTSDKDemo-resources.sh\"\n";
			showEnvVarsInLog = 0;
		};
		91C2B3AEB84BFD17AA63966A /* [CP] Check Pods Manifest.lock */ = {
			isa = PBXShellScriptBuildPhase;
			buildActionMask = 2147483647;
			files = (
			);
			inputPaths = (
			);
			name = "[CP] Check Pods Manifest.lock";
			outputPaths = (
			);
			runOnlyForDeploymentPostprocessing = 0;
			shellPath = /bin/sh;
			shellScript = "diff \"${PODS_PODFILE_DIR_PATH}/Podfile.lock\" \"${PODS_ROOT}/Manifest.lock\" > /dev/null\nif [ $? != 0 ] ; then\n    # print error to STDERR\n    echo \"error: The sandbox is not in sync with the Podfile.lock. Run 'pod install' or update your CocoaPods installation.\" >&2\n    exit 1\nfi\n";
			showEnvVarsInLog = 0;
		};
		E440F4CDB3901E7BA5C95A39 /* [CP] Embed Pods Frameworks */ = {
			isa = PBXShellScriptBuildPhase;
			buildActionMask = 2147483647;
			files = (
			);
			inputPaths = (
			);
			name = "[CP] Embed Pods Frameworks";
			outputPaths = (
			);
			runOnlyForDeploymentPostprocessing = 0;
			shellPath = /bin/sh;
			shellScript = "\"${SRCROOT}/Pods/Target Support Files/Pods-iMCO_RTSDKDemoUITests/Pods-iMCO_RTSDKDemoUITests-frameworks.sh\"\n";
			showEnvVarsInLog = 0;
		};
		E5EB0899081F1D5CA3AFB40D /* [CP] Copy Pods Resources */ = {
			isa = PBXShellScriptBuildPhase;
			buildActionMask = 2147483647;
			files = (
			);
			inputPaths = (
			);
			name = "[CP] Copy Pods Resources";
			outputPaths = (
			);
			runOnlyForDeploymentPostprocessing = 0;
			shellPath = /bin/sh;
			shellScript = "\"${SRCROOT}/Pods/Target Support Files/Pods-iMCO_RTSDKDemoTests/Pods-iMCO_RTSDKDemoTests-resources.sh\"\n";
			showEnvVarsInLog = 0;
		};
		F0FD65CF15360935655E2AB2 /* [CP] Embed Pods Frameworks */ = {
			isa = PBXShellScriptBuildPhase;
			buildActionMask = 2147483647;
			files = (
			);
			inputPaths = (
			);
			name = "[CP] Embed Pods Frameworks";
			outputPaths = (
			);
			runOnlyForDeploymentPostprocessing = 0;
			shellPath = /bin/sh;
			shellScript = "\"${SRCROOT}/Pods/Target Support Files/Pods-iMCO_RTSDKDemo/Pods-iMCO_RTSDKDemo-frameworks.sh\"\n";
			showEnvVarsInLog = 0;
		};
		F99D7067FAB4C9FEC276C2A2 /* [CP] Check Pods Manifest.lock */ = {
			isa = PBXShellScriptBuildPhase;
			buildActionMask = 2147483647;
			files = (
			);
			inputPaths = (
			);
			name = "[CP] Check Pods Manifest.lock";
			outputPaths = (
			);
			runOnlyForDeploymentPostprocessing = 0;
			shellPath = /bin/sh;
			shellScript = "diff \"${PODS_PODFILE_DIR_PATH}/Podfile.lock\" \"${PODS_ROOT}/Manifest.lock\" > /dev/null\nif [ $? != 0 ] ; then\n    # print error to STDERR\n    echo \"error: The sandbox is not in sync with the Podfile.lock. Run 'pod install' or update your CocoaPods installation.\" >&2\n    exit 1\nfi\n";
			showEnvVarsInLog = 0;
		};
/* End PBXShellScriptBuildPhase section */

/* Begin PBXSourcesBuildPhase section */
		9E1103B31F0A214D005A084E /* Sources */ = {
			isa = PBXSourcesBuildPhase;
			buildActionMask = 2147483647;
			files = (
				9E1103BF1F0A214D005A084E /* AppDelegate.m in Sources */,
				9E96115F1F31CE0600BDFE81 /* ZHCommandTableViewCell.m in Sources */,
				9E9611551F31CDDA00BDFE81 /* ZHDeviceListTableViewController.m in Sources */,
				9E9611531F31CDDA00BDFE81 /* ZHDeviceActionViewController.m in Sources */,
				9E9611621F31CE0600BDFE81 /* ZHTitleAndSwitchTableViewCell.m in Sources */,
				9E96116A1F31CE3600BDFE81 /* ZHFunctionModel.m in Sources */,
				9E9611511F31CDDA00BDFE81 /* ZHChooseFirmwareTableViewController.m in Sources */,
				9E1103BC1F0A214D005A084E /* main.m in Sources */,
				9E9611691F31CE3600BDFE81 /* ZHDeviceModel.m in Sources */,
				9E9611611F31CE0600BDFE81 /* ZHDeviceTableViewCell.m in Sources */,
			);
			runOnlyForDeploymentPostprocessing = 0;
		};
		9E1103CC1F0A214D005A084E /* Sources */ = {
			isa = PBXSourcesBuildPhase;
			buildActionMask = 2147483647;
			files = (
				9E1103D51F0A214D005A084E /* iMCO_RTSDKDemoTests.m in Sources */,
			);
			runOnlyForDeploymentPostprocessing = 0;
		};
		9E1103D71F0A214D005A084E /* Sources */ = {
			isa = PBXSourcesBuildPhase;
			buildActionMask = 2147483647;
			files = (
				9E1103E01F0A214D005A084E /* iMCO_RTSDKDemoUITests.m in Sources */,
			);
			runOnlyForDeploymentPostprocessing = 0;
		};
/* End PBXSourcesBuildPhase section */

/* Begin PBXTargetDependency section */
		9E1103D21F0A214D005A084E /* PBXTargetDependency */ = {
			isa = PBXTargetDependency;
			target = 9E1103B61F0A214D005A084E /* iMCO_RTSDKDemo */;
			targetProxy = 9E1103D11F0A214D005A084E /* PBXContainerItemProxy */;
		};
		9E1103DD1F0A214D005A084E /* PBXTargetDependency */ = {
			isa = PBXTargetDependency;
			target = 9E1103B61F0A214D005A084E /* iMCO_RTSDKDemo */;
			targetProxy = 9E1103DC1F0A214D005A084E /* PBXContainerItemProxy */;
		};
/* End PBXTargetDependency section */

/* Begin PBXVariantGroup section */
		9E1103C31F0A214D005A084E /* Main.storyboard */ = {
			isa = PBXVariantGroup;
			children = (
				9E1103C41F0A214D005A084E /* Base */,
			);
			name = Main.storyboard;
			sourceTree = "<group>";
		};
		9E1103C81F0A214D005A084E /* LaunchScreen.storyboard */ = {
			isa = PBXVariantGroup;
			children = (
				9E1103C91F0A214D005A084E /* Base */,
			);
			name = LaunchScreen.storyboard;
			sourceTree = "<group>";
		};
/* End PBXVariantGroup section */

/* Begin XCBuildConfiguration section */
		9E1103E21F0A214D005A084E /* Debug */ = {
			isa = XCBuildConfiguration;
			buildSettings = {
				ALWAYS_SEARCH_USER_PATHS = NO;
				CLANG_ANALYZER_NONNULL = YES;
				CLANG_ANALYZER_NUMBER_OBJECT_CONVERSION = YES_AGGRESSIVE;
				CLANG_CXX_LANGUAGE_STANDARD = "gnu++0x";
				CLANG_CXX_LIBRARY = "libc++";
				CLANG_ENABLE_MODULES = YES;
				CLANG_ENABLE_OBJC_ARC = YES;
				CLANG_WARN_BOOL_CONVERSION = YES;
				CLANG_WARN_CONSTANT_CONVERSION = YES;
				CLANG_WARN_DIRECT_OBJC_ISA_USAGE = YES_ERROR;
				CLANG_WARN_DOCUMENTATION_COMMENTS = YES;
				CLANG_WARN_EMPTY_BODY = YES;
				CLANG_WARN_ENUM_CONVERSION = YES;
				CLANG_WARN_INFINITE_RECURSION = YES;
				CLANG_WARN_INT_CONVERSION = YES;
				CLANG_WARN_OBJC_ROOT_CLASS = YES_ERROR;
				CLANG_WARN_SUSPICIOUS_MOVE = YES;
				CLANG_WARN_UNREACHABLE_CODE = YES;
				CLANG_WARN__DUPLICATE_METHOD_MATCH = YES;
				"CODE_SIGN_IDENTITY[sdk=iphoneos*]" = "iPhone Developer";
				COPY_PHASE_STRIP = NO;
				DEBUG_INFORMATION_FORMAT = dwarf;
				ENABLE_STRICT_OBJC_MSGSEND = YES;
				ENABLE_TESTABILITY = YES;
				GCC_C_LANGUAGE_STANDARD = gnu99;
				GCC_DYNAMIC_NO_PIC = NO;
				GCC_NO_COMMON_BLOCKS = YES;
				GCC_OPTIMIZATION_LEVEL = 0;
				GCC_PREPROCESSOR_DEFINITIONS = (
					"DEBUG=1",
					"$(inherited)",
				);
				GCC_WARN_64_TO_32_BIT_CONVERSION = YES;
				GCC_WARN_ABOUT_RETURN_TYPE = YES_ERROR;
				GCC_WARN_UNDECLARED_SELECTOR = YES;
				GCC_WARN_UNINITIALIZED_AUTOS = YES_AGGRESSIVE;
				GCC_WARN_UNUSED_FUNCTION = YES;
				GCC_WARN_UNUSED_VARIABLE = YES;
				IPHONEOS_DEPLOYMENT_TARGET = 10.3;
				MTL_ENABLE_DEBUG_INFO = YES;
				ONLY_ACTIVE_ARCH = YES;
				SDKROOT = iphoneos;
			};
			name = Debug;
		};
		9E1103E31F0A214D005A084E /* Release */ = {
			isa = XCBuildConfiguration;
			buildSettings = {
				ALWAYS_SEARCH_USER_PATHS = NO;
				CLANG_ANALYZER_NONNULL = YES;
				CLANG_ANALYZER_NUMBER_OBJECT_CONVERSION = YES_AGGRESSIVE;
				CLANG_CXX_LANGUAGE_STANDARD = "gnu++0x";
				CLANG_CXX_LIBRARY = "libc++";
				CLANG_ENABLE_MODULES = YES;
				CLANG_ENABLE_OBJC_ARC = YES;
				CLANG_WARN_BOOL_CONVERSION = YES;
				CLANG_WARN_CONSTANT_CONVERSION = YES;
				CLANG_WARN_DIRECT_OBJC_ISA_USAGE = YES_ERROR;
				CLANG_WARN_DOCUMENTATION_COMMENTS = YES;
				CLANG_WARN_EMPTY_BODY = YES;
				CLANG_WARN_ENUM_CONVERSION = YES;
				CLANG_WARN_INFINITE_RECURSION = YES;
				CLANG_WARN_INT_CONVERSION = YES;
				CLANG_WARN_OBJC_ROOT_CLASS = YES_ERROR;
				CLANG_WARN_SUSPICIOUS_MOVE = YES;
				CLANG_WARN_UNREACHABLE_CODE = YES;
				CLANG_WARN__DUPLICATE_METHOD_MATCH = YES;
				"CODE_SIGN_IDENTITY[sdk=iphoneos*]" = "iPhone Developer";
				COPY_PHASE_STRIP = NO;
				DEBUG_INFORMATION_FORMAT = "dwarf-with-dsym";
				ENABLE_NS_ASSERTIONS = NO;
				ENABLE_STRICT_OBJC_MSGSEND = YES;
				GCC_C_LANGUAGE_STANDARD = gnu99;
				GCC_NO_COMMON_BLOCKS = YES;
				GCC_WARN_64_TO_32_BIT_CONVERSION = YES;
				GCC_WARN_ABOUT_RETURN_TYPE = YES_ERROR;
				GCC_WARN_UNDECLARED_SELECTOR = YES;
				GCC_WARN_UNINITIALIZED_AUTOS = YES_AGGRESSIVE;
				GCC_WARN_UNUSED_FUNCTION = YES;
				GCC_WARN_UNUSED_VARIABLE = YES;
				IPHONEOS_DEPLOYMENT_TARGET = 10.3;
				MTL_ENABLE_DEBUG_INFO = NO;
				SDKROOT = iphoneos;
				VALIDATE_PRODUCT = YES;
			};
			name = Release;
		};
		9E1103E51F0A214D005A084E /* Debug */ = {
			isa = XCBuildConfiguration;
			baseConfigurationReference = B1DC1052B780E5BE6DE1494F /* Pods-iMCO_RTSDKDemo.debug.xcconfig */;
			buildSettings = {
				ASSETCATALOG_COMPILER_APPICON_NAME = AppIcon;
				DEVELOPMENT_TEAM = 638EB3H4SQ;
				FRAMEWORK_SEARCH_PATHS = (
					"$(inherited)",
					"$(PROJECT_DIR)/iMCOSDK",
				);
				INFOPLIST_FILE = iMCO_RTSDKDemo/Info.plist;
				IPHONEOS_DEPLOYMENT_TARGET = 8.0;
				LD_RUNPATH_SEARCH_PATHS = "$(inherited) @executable_path/Frameworks";
				PRODUCT_BUNDLE_IDENTIFIER = "com.Imco.iMCO-RTSDKDemo";
				PRODUCT_NAME = "$(TARGET_NAME)";
			};
			name = Debug;
		};
		9E1103E61F0A214D005A084E /* Release */ = {
			isa = XCBuildConfiguration;
			baseConfigurationReference = 77282100FFF836831A636863 /* Pods-iMCO_RTSDKDemo.release.xcconfig */;
			buildSettings = {
				ASSETCATALOG_COMPILER_APPICON_NAME = AppIcon;
				DEVELOPMENT_TEAM = 638EB3H4SQ;
				FRAMEWORK_SEARCH_PATHS = (
					"$(inherited)",
					"$(PROJECT_DIR)/iMCOSDK",
				);
				INFOPLIST_FILE = iMCO_RTSDKDemo/Info.plist;
				IPHONEOS_DEPLOYMENT_TARGET = 8.0;
				LD_RUNPATH_SEARCH_PATHS = "$(inherited) @executable_path/Frameworks";
				PRODUCT_BUNDLE_IDENTIFIER = "com.Imco.iMCO-RTSDKDemo";
				PRODUCT_NAME = "$(TARGET_NAME)";
			};
			name = Release;
		};
		9E1103E81F0A214D005A084E /* Debug */ = {
			isa = XCBuildConfiguration;
			baseConfigurationReference = 75CA845AF539CDF8C5F014F4 /* Pods-iMCO_RTSDKDemoTests.debug.xcconfig */;
			buildSettings = {
				BUNDLE_LOADER = "$(TEST_HOST)";
				DEVELOPMENT_TEAM = 638EB3H4SQ;
				INFOPLIST_FILE = iMCO_RTSDKDemoTests/Info.plist;
				LD_RUNPATH_SEARCH_PATHS = "$(inherited) @executable_path/Frameworks @loader_path/Frameworks";
				PRODUCT_BUNDLE_IDENTIFIER = "com.Imco.iMCO-RTSDKDemoTests";
				PRODUCT_NAME = "$(TARGET_NAME)";
				TEST_HOST = "$(BUILT_PRODUCTS_DIR)/iMCO_RTSDKDemo.app/iMCO_RTSDKDemo";
			};
			name = Debug;
		};
		9E1103E91F0A214D005A084E /* Release */ = {
			isa = XCBuildConfiguration;
			baseConfigurationReference = 4627C95E3B0D680CC52AE2E5 /* Pods-iMCO_RTSDKDemoTests.release.xcconfig */;
			buildSettings = {
				BUNDLE_LOADER = "$(TEST_HOST)";
				DEVELOPMENT_TEAM = 638EB3H4SQ;
				INFOPLIST_FILE = iMCO_RTSDKDemoTests/Info.plist;
				LD_RUNPATH_SEARCH_PATHS = "$(inherited) @executable_path/Frameworks @loader_path/Frameworks";
				PRODUCT_BUNDLE_IDENTIFIER = "com.Imco.iMCO-RTSDKDemoTests";
				PRODUCT_NAME = "$(TARGET_NAME)";
				TEST_HOST = "$(BUILT_PRODUCTS_DIR)/iMCO_RTSDKDemo.app/iMCO_RTSDKDemo";
			};
			name = Release;
		};
		9E1103EB1F0A214D005A084E /* Debug */ = {
			isa = XCBuildConfiguration;
			baseConfigurationReference = E896C89505642E512058147B /* Pods-iMCO_RTSDKDemoUITests.debug.xcconfig */;
			buildSettings = {
				DEVELOPMENT_TEAM = 638EB3H4SQ;
				INFOPLIST_FILE = iMCO_RTSDKDemoUITests/Info.plist;
				LD_RUNPATH_SEARCH_PATHS = "$(inherited) @executable_path/Frameworks @loader_path/Frameworks";
				PRODUCT_BUNDLE_IDENTIFIER = "com.Imco.iMCO-RTSDKDemoUITests";
				PRODUCT_NAME = "$(TARGET_NAME)";
				TEST_TARGET_NAME = iMCO_RTSDKDemo;
			};
			name = Debug;
		};
		9E1103EC1F0A214D005A084E /* Release */ = {
			isa = XCBuildConfiguration;
			baseConfigurationReference = 44478CF842E7465599CF780A /* Pods-iMCO_RTSDKDemoUITests.release.xcconfig */;
			buildSettings = {
				DEVELOPMENT_TEAM = 638EB3H4SQ;
				INFOPLIST_FILE = iMCO_RTSDKDemoUITests/Info.plist;
				LD_RUNPATH_SEARCH_PATHS = "$(inherited) @executable_path/Frameworks @loader_path/Frameworks";
				PRODUCT_BUNDLE_IDENTIFIER = "com.Imco.iMCO-RTSDKDemoUITests";
				PRODUCT_NAME = "$(TARGET_NAME)";
				TEST_TARGET_NAME = iMCO_RTSDKDemo;
			};
			name = Release;
		};
/* End XCBuildConfiguration section */

/* Begin XCConfigurationList section */
		9E1103B21F0A214D005A084E /* Build configuration list for PBXProject "iMCO_RTSDKDemo" */ = {
			isa = XCConfigurationList;
			buildConfigurations = (
				9E1103E21F0A214D005A084E /* Debug */,
				9E1103E31F0A214D005A084E /* Release */,
			);
			defaultConfigurationIsVisible = 0;
			defaultConfigurationName = Release;
		};
		9E1103E41F0A214D005A084E /* Build configuration list for PBXNativeTarget "iMCO_RTSDKDemo" */ = {
			isa = XCConfigurationList;
			buildConfigurations = (
				9E1103E51F0A214D005A084E /* Debug */,
				9E1103E61F0A214D005A084E /* Release */,
			);
			defaultConfigurationIsVisible = 0;
			defaultConfigurationName = Release;
		};
		9E1103E71F0A214D005A084E /* Build configuration list for PBXNativeTarget "iMCO_RTSDKDemoTests" */ = {
			isa = XCConfigurationList;
			buildConfigurations = (
				9E1103E81F0A214D005A084E /* Debug */,
				9E1103E91F0A214D005A084E /* Release */,
			);
			defaultConfigurationIsVisible = 0;
			defaultConfigurationName = Release;
		};
		9E1103EA1F0A214D005A084E /* Build configuration list for PBXNativeTarget "iMCO_RTSDKDemoUITests" */ = {
			isa = XCConfigurationList;
			buildConfigurations = (
				9E1103EB1F0A214D005A084E /* Debug */,
				9E1103EC1F0A214D005A084E /* Release */,
			);
			defaultConfigurationIsVisible = 0;
			defaultConfigurationName = Release;
		};
/* End XCConfigurationList section */
	};
	rootObject = 9E1103AF1F0A214D005A084E /* Project object */;
}
